
Microsoft Visual Studio Solution File, Format Version 12.00
# Visual Studio 15
VisualStudioVersion = 15.0.28010.2026
MinimumVisualStudioVersion = 10.0.40219.1
Project("{FAE04EC0-301F-11D3-BF4B-00C04F79EFBC}") = "CRUD-Alumnos", "CRUD-Alumnos\CRUD-Alumnos.csproj", "{5C3DCE64-2A08-4C04-9948-2FF14A7B8E27}"
EndProject
Global
	GlobalSection(SolutionConfigurationPlatforms) = preSolution
		Debug|Any CPU = Debug|Any CPU
		Release|Any CPU = Release|Any CPU
	EndGlobalSection
	GlobalSection(ProjectConfigurationPlatforms) = postSolution
		{5C3DCE64-2A08-4C04-9948-2FF14A7B8E27}.Debug|Any CPU.ActiveCfg = Debug|Any CPU
		{5C3DCE64-2A08-4C04-9948-2FF14A7B8E27}.Debug|Any CPU.Build.0 = Debug|Any CPU
		{5C3DCE64-2A08-4C04-9948-2FF14A7B8E27}.Release|Any CPU.ActiveCfg = Release|Any CPU
		{5C3DCE64-2A08-4C04-9948-2FF14A7B8E27}.Release|Any CPU.Build.0 = Release|Any CPU
	EndGlobalSection
	GlobalSection(SolutionProperties) = preSolution
		HideSolutionNode = FALSE
	EndGlobalSection
	GlobalSection(ExtensibilityGlobals) = postSolution
		SolutionGuid = {8D102E0B-DFB9-42EB-A76C-10E5E7899C75}
	EndGlobalSection
EndGlobal
